Microsoft Visual Studio Solution File, Format Version 12.00
# Visual Studio 2012
Project("{FAE04EC0-301F-11D3-BF4B-00C04F79EFBC}") = "Topdown Demo", "Topdown Demo.csproj", "{8A04A41E-672B-41A5-81C6-A60AA5A8673A}"
EndProject
Global
	GlobalSection(SolutionConfigurationPlatforms) = preSolution
	Debug|Any CPU = Debug|Any CPU
	ExportDebug|Any CPU = ExportDebug|Any CPU
	ExportRelease|Any CPU = ExportRelease|Any CPU
	EndGlobalSection
	GlobalSection(ProjectConfigurationPlatforms) = postSolution
		{8A04A41E-672B-41A5-81C6-A60AA5A8673A}.Debug|Any CPU.ActiveCfg = Debug|Any CPU
		{8A04A41E-672B-41A5-81C6-A60AA5A8673A}.Debug|Any CPU.Build.0 = Debug|Any CPU
		{8A04A41E-672B-41A5-81C6-A60AA5A8673A}.ExportDebug|Any CPU.ActiveCfg = ExportDebug|Any CPU
		{8A04A41E-672B-41A5-81C6-A60AA5A8673A}.ExportDebug|Any CPU.Build.0 = ExportDebug|Any CPU
		{8A04A41E-672B-41A5-81C6-A60AA5A8673A}.ExportRelease|Any CPU.ActiveCfg = ExportRelease|Any CPU
		{8A04A41E-672B-41A5-81C6-A60AA5A8673A}.ExportRelease|Any CPU.Build.0 = ExportRelease|Any CPU
	EndGlobalSection
EndGlobal
